
Microsoft Visual Studio Solution File, Format Version 12.00
# Visual Studio 14
VisualStudioVersion = 14.0.25420.1
MinimumVisualStudioVersion = 10.0.40219.1
Project("{2150E333-8FDC-42A3-9474-1A3956D46DE8}") = "Application Instruction", "Application Instruction", "{97DFBB94-8624-4024-83C8-418CC91476A2}"
	ProjectSection(SolutionItems) = preProject
		ReadMe.txt = ReadMe.txt
	EndProjectSection
EndProject
Project("{FAE04EC0-301F-11D3-BF4B-00C04F79EFBC}") = "NinjaDomain.DataModel", "NinjaDomain.DataModel\NinjaDomain.DataModel.csproj", "{B7A0A604-B3BC-437B-B296-795CB68C0710}"
EndProject
Project("{FAE04EC0-301F-11D3-BF4B-00C04F79EFBC}") = "NinjaDomain.Classess", "NinjaDomain.Classess\NinjaDomain.Classess.csproj", "{6A1595E6-8BA7-4E3A-AAFA-240089FDC8A3}"
EndProject
Project("{FAE04EC0-301F-11D3-BF4B-00C04F79EFBC}") = "NinjaApplication", "NinjaApplication\NinjaApplication.csproj", "{A2548DD7-845A-419B-AD9D-5A90322D9618}"
EndProject
Global
	GlobalSection(SolutionConfigurationPlatforms) = preSolution
		Debug|Any CPU = Debug|Any CPU
		Release|Any CPU = Release|Any CPU
	EndGlobalSection
	GlobalSection(ProjectConfigurationPlatforms) = postSolution
		{B7A0A604-B3BC-437B-B296-795CB68C0710}.Debug|Any CPU.ActiveCfg = Debug|Any CPU
		{B7A0A604-B3BC-437B-B296-795CB68C0710}.Debug|Any CPU.Build.0 = Debug|Any CPU
		{B7A0A604-B3BC-437B-B296-795CB68C0710}.Release|Any CPU.ActiveCfg = Release|Any CPU
		{B7A0A604-B3BC-437B-B296-795CB68C0710}.Release|Any CPU.Build.0 = Release|Any CPU
		{6A1595E6-8BA7-4E3A-AAFA-240089FDC8A3}.Debug|Any CPU.ActiveCfg = Debug|Any CPU
		{6A1595E6-8BA7-4E3A-AAFA-240089FDC8A3}.Debug|Any CPU.Build.0 = Debug|Any CPU
		{6A1595E6-8BA7-4E3A-AAFA-240089FDC8A3}.Release|Any CPU.ActiveCfg = Release|Any CPU
		{6A1595E6-8BA7-4E3A-AAFA-240089FDC8A3}.Release|Any CPU.Build.0 = Release|Any CPU
		{A2548DD7-845A-419B-AD9D-5A90322D9618}.Debug|Any CPU.ActiveCfg = Debug|Any CPU
		{A2548DD7-845A-419B-AD9D-5A90322D9618}.Debug|Any CPU.Build.0 = Debug|Any CPU
		{A2548DD7-845A-419B-AD9D-5A90322D9618}.Release|Any CPU.ActiveCfg = Release|Any CPU
		{A2548DD7-845A-419B-AD9D-5A90322D9618}.Release|Any CPU.Build.0 = Release|Any CPU
	EndGlobalSection
	GlobalSection(SolutionProperties) = preSolution
		HideSolutionNode = FALSE
	EndGlobalSection
EndGlobal
